// !$*UTF8*$!
{
	archiveVersion = 1;
	classes = {
	};
	objectVersion = 56;
	objects = {

/* Begin PBXBuildFile section */
		3D3D6DDB2AB6F71C00191A1A /* adalarDetailsVC.swift in Sources */ = {isa = PBXBuildFile; fileRef = 3D3D6DDA2AB6F71C00191A1A /* adalarDetailsVC.swift */; };
		3D4A42402AAB9991005829E3 /* AppDelegate.swift in Sources */ = {isa = PBXBuildFile; fileRef = 3D4A423F2AAB9991005829E3 /* AppDelegate.swift */; };
		3D4A42422AAB9991005829E3 /* SceneDelegate.swift in Sources */ = {isa = PBXBuildFile; fileRef = 3D4A42412AAB9991005829E3 /* SceneDelegate.swift */; };
		3D4A42442AAB9991005829E3 /* ViewController.swift in Sources */ = {isa = PBXBuildFile; fileRef = 3D4A42432AAB9991005829E3 /* ViewController.swift */; };
		3D4A42472AAB9991005829E3 /* Main.storyboard in Resources */ = {isa = PBXBuildFile; fileRef = 3D4A42452AAB9991005829E3 /* Main.storyboard */; };
		3D4A42492AAB9994005829E3 /* Assets.xcassets in Resources */ = {isa = PBXBuildFile; fileRef = 3D4A42482AAB9994005829E3 /* Assets.xcassets */; };
		3D4A424C2AAB9994005829E3 /* LaunchScreen.storyboard in Resources */ = {isa = PBXBuildFile; fileRef = 3D4A424A2AAB9994005829E3 /* LaunchScreen.storyboard */; };
		3DA5B3852AB0A2CE0056E1E9 /* travel.swift in Sources */ = {isa = PBXBuildFile; fileRef = 3DA5B3842AB0A2CE0056E1E9 /* travel.swift */; };
		3DA5B3872AB609A50056E1E9 /* mainMenu.swift in Sources */ = {isa = PBXBuildFile; fileRef = 3DA5B3862AB609A50056E1E9 /* mainMenu.swift */; };
		3DA5B3892AB60B910056E1E9 /* adalarTableView.swift in Sources */ = {isa = PBXBuildFile; fileRef = 3DA5B3882AB60B910056E1E9 /* adalarTableView.swift */; };
		3DC0F7ED2AC0088400035B54 /* besiktasTableView.swift in Sources */ = {isa = PBXBuildFile; fileRef = 3DC0F7EC2AC0088400035B54 /* besiktasTableView.swift */; };
		3DC0F7F12AC0203900035B54 /* besiktasDetailsVC.swift in Sources */ = {isa = PBXBuildFile; fileRef = 3DC0F7F02AC0203900035B54 /* besiktasDetailsVC.swift */; };
		3DC0F7F32AC0317600035B54 /* beykozTableView.swift in Sources */ = {isa = PBXBuildFile; fileRef = 3DC0F7F22AC0317600035B54 /* beykozTableView.swift */; };
		3DC0F7F52AC0319200035B54 /* beykozDetailsVC.swift in Sources */ = {isa = PBXBuildFile; fileRef = 3DC0F7F42AC0319200035B54 /* beykozDetailsVC.swift */; };
		3DC0F7F72AC03C8500035B54 /* kadikoyTableView.swift in Sources */ = {isa = PBXBuildFile; fileRef = 3DC0F7F62AC03C8500035B54 /* kadikoyTableView.swift */; };
		3DC0F7F92AC03F9600035B54 /* kadikoyDetailsVC.swift in Sources */ = {isa = PBXBuildFile; fileRef = 3DC0F7F82AC03F9600035B54 /* kadikoyDetailsVC.swift */; };
		3DC0F7FB2AC0AF0B00035B54 /* fatihTableView.swift in Sources */ = {isa = PBXBuildFile; fileRef = 3DC0F7FA2AC0AF0B00035B54 /* fatihTableView.swift */; };
		3DC0F7FD2AC0AF2300035B54 /* fatihDetailsVC.swift in Sources */ = {isa = PBXBuildFile; fileRef = 3DC0F7FC2AC0AF2300035B54 /* fatihDetailsVC.swift */; };
		3DC0F7FF2AC0BDF500035B54 /* sariyerTableView.swift in Sources */ = {isa = PBXBuildFile; fileRef = 3DC0F7FE2AC0BDF500035B54 /* sariyerTableView.swift */; };
		3DC0F8012AC0BE0A00035B54 /* sariyerDetailsVC.swift in Sources */ = {isa = PBXBuildFile; fileRef = 3DC0F8002AC0BE0A00035B54 /* sariyerDetailsVC.swift */; };
		3DC0F8032AC0CA0E00035B54 /* sileTableView.swift in Sources */ = {isa = PBXBuildFile; fileRef = 3DC0F8022AC0CA0E00035B54 /* sileTableView.swift */; };
		3DC0F8052AC0CA2200035B54 /* sileDetailsVC.swift in Sources */ = {isa = PBXBuildFile; fileRef = 3DC0F8042AC0CA2200035B54 /* sileDetailsVC.swift */; };
		3DC0F8072AC0CA3C00035B54 /* uskudarTableView.swift in Sources */ = {isa = PBXBuildFile; fileRef = 3DC0F8062AC0CA3C00035B54 /* uskudarTableView.swift */; };
		3DC0F8092AC0CA5500035B54 /* uskudarDetailsVC.swift in Sources */ = {isa = PBXBuildFile; fileRef = 3DC0F8082AC0CA5500035B54 /* uskudarDetailsVC.swift */; };
		3DFCC5AC2AADA2E100441200 /* WelcomeVC.swift in Sources */ = {isa = PBXBuildFile; fileRef = 3DFCC5AB2AADA2E100441200 /* WelcomeVC.swift */; };
/* End PBXBuildFile section */

/* Begin PBXFileReference section */
		3D3D6DDA2AB6F71C00191A1A /* adalarDetailsVC.swift */ = {isa = PBXFileReference; lastKnownFileType = sourcecode.swift; path = adalarDetailsVC.swift; sourceTree = "<group>"; };
		3D4A423C2AAB9991005829E3 /* IstanbulTravel.app */ = {isa = PBXFileReference; explicitFileType = wrapper.application; includeInIndex = 0; path = IstanbulTravel.app; sourceTree = BUILT_PRODUCTS_DIR; };
		3D4A423F2AAB9991005829E3 /* AppDelegate.swift */ = {isa = PBXFileReference; lastKnownFileType = sourcecode.swift; path = AppDelegate.swift; sourceTree = "<group>"; };
		3D4A42412AAB9991005829E3 /* SceneDelegate.swift */ = {isa = PBXFileReference; lastKnownFileType = sourcecode.swift; path = SceneDelegate.swift; sourceTree = "<group>"; };
		3D4A42432AAB9991005829E3 /* ViewController.swift */ = {isa = PBXFileReference; lastKnownFileType = sourcecode.swift; path = ViewController.swift; sourceTree = "<group>"; };
		3D4A42462AAB9991005829E3 /* Base */ = {isa = PBXFileReference; lastKnownFileType = file.storyboard; name = Base; path = Base.lproj/Main.storyboard; sourceTree = "<group>"; };
		3D4A42482AAB9994005829E3 /* Assets.xcassets */ = {isa = PBXFileReference; lastKnownFileType = folder.assetcatalog; path = Assets.xcassets; sourceTree = "<group>"; };
		3D4A424B2AAB9994005829E3 /* Base */ = {isa = PBXFileReference; lastKnownFileType = file.storyboard; name = Base; path = Base.lproj/LaunchScreen.storyboard; sourceTree = "<group>"; };
		3D4A424D2AAB9994005829E3 /* Info.plist */ = {isa = PBXFileReference; lastKnownFileType = text.plist.xml; path = Info.plist; sourceTree = "<group>"; };
		3DA5B3842AB0A2CE0056E1E9 /* travel.swift */ = {isa = PBXFileReference; lastKnownFileType = sourcecode.swift; path = travel.swift; sourceTree = "<group>"; };
		3DA5B3862AB609A50056E1E9 /* mainMenu.swift */ = {isa = PBXFileReference; lastKnownFileType = sourcecode.swift; path = mainMenu.swift; sourceTree = "<group>"; };
		3DA5B3882AB60B910056E1E9 /* adalarTableView.swift */ = {isa = PBXFileReference; lastKnownFileType = sourcecode.swift; path = adalarTableView.swift; sourceTree = "<group>"; };
		3DC0F7EC2AC0088400035B54 /* besiktasTableView.swift */ = {isa = PBXFileReference; lastKnownFileType = sourcecode.swift; path = besiktasTableView.swift; sourceTree = "<group>"; };
		3DC0F7F02AC0203900035B54 /* besiktasDetailsVC.swift */ = {isa = PBXFileReference; lastKnownFileType = sourcecode.swift; path = besiktasDetailsVC.swift; sourceTree = "<group>"; };
		3DC0F7F22AC0317600035B54 /* beykozTableView.swift */ = {isa = PBXFileReference; lastKnownFileType = sourcecode.swift; path = beykozTableView.swift; sourceTree = "<group>"; };
		3DC0F7F42AC0319200035B54 /* beykozDetailsVC.swift */ = {isa = PBXFileReference; lastKnownFileType = sourcecode.swift; path = beykozDetailsVC.swift; sourceTree = "<group>"; };
		3DC0F7F62AC03C8500035B54 /* kadikoyTableView.swift */ = {isa = PBXFileReference; lastKnownFileType = sourcecode.swift; path = kadikoyTableView.swift; sourceTree = "<group>"; };
		3DC0F7F82AC03F9600035B54 /* kadikoyDetailsVC.swift */ = {isa = PBXFileReference; lastKnownFileType = sourcecode.swift; path = kadikoyDetailsVC.swift; sourceTree = "<group>"; };
		3DC0F7FA2AC0AF0B00035B54 /* fatihTableView.swift */ = {isa = PBXFileReference; lastKnownFileType = sourcecode.swift; path = fatihTableView.swift; sourceTree = "<group>"; };
		3DC0F7FC2AC0AF2300035B54 /* fatihDetailsVC.swift */ = {isa = PBXFileReference; lastKnownFileType = sourcecode.swift; path = fatihDetailsVC.swift; sourceTree = "<group>"; };
		3DC0F7FE2AC0BDF500035B54 /* sariyerTableView.swift */ = {isa = PBXFileReference; lastKnownFileType = sourcecode.swift; path = sariyerTableView.swift; sourceTree = "<group>"; };
		3DC0F8002AC0BE0A00035B54 /* sariyerDetailsVC.swift */ = {isa = PBXFileReference; lastKnownFileType = sourcecode.swift; path = sariyerDetailsVC.swift; sourceTree = "<group>"; };
		3DC0F8022AC0CA0E00035B54 /* sileTableView.swift */ = {isa = PBXFileReference; lastKnownFileType = sourcecode.swift; path = sileTableView.swift; sourceTree = "<group>"; };
		3DC0F8042AC0CA2200035B54 /* sileDetailsVC.swift */ = {isa = PBXFileReference; lastKnownFileType = sourcecode.swift; path = sileDetailsVC.swift; sourceTree = "<group>"; };
		3DC0F8062AC0CA3C00035B54 /* uskudarTableView.swift */ = {isa = PBXFileReference; lastKnownFileType = sourcecode.swift; path = uskudarTableView.swift; sourceTree = "<group>"; };
		3DC0F8082AC0CA5500035B54 /* uskudarDetailsVC.swift */ = {isa = PBXFileReference; lastKnownFileType = sourcecode.swift; path = uskudarDetailsVC.swift; sourceTree = "<group>"; };
		3DFCC5AB2AADA2E100441200 /* WelcomeVC.swift */ = {isa = PBXFileReference; lastKnownFileType = sourcecode.swift; path = WelcomeVC.swift; sourceTree = "<group>"; };
/* End PBXFileReference section */

/* Begin PBXFrameworksBuildPhase section */
		3D4A42392AAB9990005829E3 /* Frameworks */ = {
			isa = PBXFrameworksBuildPhase;
			buildActionMask = 2147483647;
			files = (
			);
			runOnlyForDeploymentPostprocessing = 0;
		};
/* End PBXFrameworksBuildPhase section */

/* Begin PBXGroup section */
		3D4A42332AAB9990005829E3 = {
			isa = PBXGroup;
			children = (
				3D4A423E2AAB9991005829E3 /* IstanbulTravel */,
				3D4A423D2AAB9991005829E3 /* Products */,
			);
			sourceTree = "<group>";
		};
		3D4A423D2AAB9991005829E3 /* Products */ = {
			isa = PBXGroup;
			children = (
				3D4A423C2AAB9991005829E3 /* IstanbulTravel.app */,
			);
			name = Products;
			sourceTree = "<group>";
		};
		3D4A423E2AAB9991005829E3 /* IstanbulTravel */ = {
			isa = PBXGroup;
			children = (
				3D4A423F2AAB9991005829E3 /* AppDelegate.swift */,
				3D4A42412AAB9991005829E3 /* SceneDelegate.swift */,
				3DFCC5AB2AADA2E100441200 /* WelcomeVC.swift */,
				3D4A42432AAB9991005829E3 /* ViewController.swift */,
				3DA5B3862AB609A50056E1E9 /* mainMenu.swift */,
				3DA5B3882AB60B910056E1E9 /* adalarTableView.swift */,
				3D3D6DDA2AB6F71C00191A1A /* adalarDetailsVC.swift */,
				3DC0F7EC2AC0088400035B54 /* besiktasTableView.swift */,
				3DC0F7F02AC0203900035B54 /* besiktasDetailsVC.swift */,
				3DC0F7F22AC0317600035B54 /* beykozTableView.swift */,
				3DC0F7F42AC0319200035B54 /* beykozDetailsVC.swift */,
				3DC0F7FA2AC0AF0B00035B54 /* fatihTableView.swift */,
				3DC0F7FC2AC0AF2300035B54 /* fatihDetailsVC.swift */,
				3DC0F7F62AC03C8500035B54 /* kadikoyTableView.swift */,
				3DC0F7F82AC03F9600035B54 /* kadikoyDetailsVC.swift */,
				3DC0F7FE2AC0BDF500035B54 /* sariyerTableView.swift */,
				3DC0F8002AC0BE0A00035B54 /* sariyerDetailsVC.swift */,
				3DC0F8022AC0CA0E00035B54 /* sileTableView.swift */,
				3DC0F8042AC0CA2200035B54 /* sileDetailsVC.swift */,
				3DC0F8062AC0CA3C00035B54 /* uskudarTableView.swift */,
				3DC0F8082AC0CA5500035B54 /* uskudarDetailsVC.swift */,
				3DA5B3842AB0A2CE0056E1E9 /* travel.swift */,
				3D4A42452AAB9991005829E3 /* Main.storyboard */,
				3D4A42482AAB9994005829E3 /* Assets.xcassets */,
				3D4A424A2AAB9994005829E3 /* LaunchScreen.storyboard */,
				3D4A424D2AAB9994005829E3 /* Info.plist */,
			);
			path = IstanbulTravel;
			sourceTree = "<group>";
		};
/* End PBXGroup section */

/* Begin PBXNativeTarget section */
		3D4A423B2AAB9990005829E3 /* IstanbulTravel */ = {
			isa = PBXNativeTarget;
			buildConfigurationList = 3D4A42502AAB9994005829E3 /* Build configuration list for PBXNativeTarget "IstanbulTravel" */;
			buildPhases = (
				3D4A42382AAB9990005829E3 /* Sources */,
				3D4A42392AAB9990005829E3 /* Frameworks */,
				3D4A423A2AAB9990005829E3 /* Resources */,
			);
			buildRules = (
			);
			dependencies = (
			);
			name = IstanbulTravel;
			productName = IstanbulTravel;
			productReference = 3D4A423C2AAB9991005829E3 /* IstanbulTravel.app */;
			productType = "com.apple.product-type.application";
		};
/* End PBXNativeTarget section */

/* Begin PBXProject section */
		3D4A42342AAB9990005829E3 /* Project object */ = {
			isa = PBXProject;
			attributes = {
				BuildIndependentTargetsInParallel = 1;
				LastSwiftUpdateCheck = 1430;
				LastUpgradeCheck = 1430;
				TargetAttributes = {
					3D4A423B2AAB9990005829E3 = {
						CreatedOnToolsVersion = 14.3.1;
					};
				};
			};
			buildConfigurationList = 3D4A42372AAB9990005829E3 /* Build configuration list for PBXProject "IstanbulTravel" */;
			compatibilityVersion = "Xcode 14.0";
			developmentRegion = en;
			hasScannedForEncodings = 0;
			knownRegions = (
				en,
				Base,
			);
			mainGroup = 3D4A42332AAB9990005829E3;
			productRefGroup = 3D4A423D2AAB9991005829E3 /* Products */;
			projectDirPath = "";
			projectRoot = "";
			targets = (
				3D4A423B2AAB9990005829E3 /* IstanbulTravel */,
			);
		};
/* End PBXProject section */

/* Begin PBXResourcesBuildPhase section */
		3D4A423A2AAB9990005829E3 /* Resources */ = {
			isa = PBXResourcesBuildPhase;
			buildActionMask = 2147483647;
			files = (
				3D4A424C2AAB9994005829E3 /* LaunchScreen.storyboard in Resources */,
				3D4A42492AAB9994005829E3 /* Assets.xcassets in Resources */,
				3D4A42472AAB9991005829E3 /* Main.storyboard in Resources */,
			);
			runOnlyForDeploymentPostprocessing = 0;
		};
/* End PBXResourcesBuildPhase section */

/* Begin PBXSourcesBuildPhase section */
		3D4A42382AAB9990005829E3 /* Sources */ = {
			isa = PBXSourcesBuildPhase;
			buildActionMask = 2147483647;
			files = (
				3DC0F7ED2AC0088400035B54 /* besiktasTableView.swift in Sources */,
				3DA5B3892AB60B910056E1E9 /* adalarTableView.swift in Sources */,
				3DC0F8052AC0CA2200035B54 /* sileDetailsVC.swift in Sources */,
				3D4A42442AAB9991005829E3 /* ViewController.swift in Sources */,
				3DC0F7F12AC0203900035B54 /* besiktasDetailsVC.swift in Sources */,
				3DA5B3852AB0A2CE0056E1E9 /* travel.swift in Sources */,
				3D4A42402AAB9991005829E3 /* AppDelegate.swift in Sources */,
				3DC0F8092AC0CA5500035B54 /* uskudarDetailsVC.swift in Sources */,
				3DC0F7FB2AC0AF0B00035B54 /* fatihTableView.swift in Sources */,
				3D3D6DDB2AB6F71C00191A1A /* adalarDetailsVC.swift in Sources */,
				3DA5B3872AB609A50056E1E9 /* mainMenu.swift in Sources */,
				3DC0F8032AC0CA0E00035B54 /* sileTableView.swift in Sources */,
				3DC0F8012AC0BE0A00035B54 /* sariyerDetailsVC.swift in Sources */,
				3DC0F8072AC0CA3C00035B54 /* uskudarTableView.swift in Sources */,
				3D4A42422AAB9991005829E3 /* SceneDelegate.swift in Sources */,
				3DC0F7FD2AC0AF2300035B54 /* fatihDetailsVC.swift in Sources */,
				3DC0F7FF2AC0BDF500035B54 /* sariyerTableView.swift in Sources */,
				3DFCC5AC2AADA2E100441200 /* WelcomeVC.swift in Sources */,
				3DC0F7F92AC03F9600035B54 /* kadikoyDetailsVC.swift in Sources */,
				3DC0F7F72AC03C8500035B54 /* kadikoyTableView.swift in Sources */,
				3DC0F7F32AC0317600035B54 /* beykozTableView.swift in Sources */,
				3DC0F7F52AC0319200035B54 /* beykozDetailsVC.swift in Sources */,
			);
			runOnlyForDeploymentPostprocessing = 0;
		};
/* End PBXSourcesBuildPhase section */

/* Begin PBXVariantGroup section */
		3D4A42452AAB9991005829E3 /* Main.storyboard */ = {
			isa = PBXVariantGroup;
			children = (
				3D4A42462AAB9991005829E3 /* Base */,
			);
			name = Main.storyboard;
			sourceTree = "<group>";
		};
		3D4A424A2AAB9994005829E3 /* LaunchScreen.storyboard */ = {
			isa = PBXVariantGroup;
			children = (
				3D4A424B2AAB9994005829E3 /* Base */,
			);
			name = LaunchScreen.storyboard;
			sourceTree = "<group>";
		};
/* End PBXVariantGroup section */

/* Begin XCBuildConfiguration section */
		3D4A424E2AAB9994005829E3 /* Debug */ = {
			isa = XCBuildConfiguration;
			buildSettings = {
				ALWAYS_SEARCH_USER_PATHS = NO;
				CLANG_ANALYZER_NONNULL = YES;
				CLANG_ANALYZER_NUMBER_OBJECT_CONVERSION = YES_AGGRESSIVE;
				CLANG_CXX_LANGUAGE_STANDARD = "gnu++20";
				CLANG_ENABLE_MODULES = YES;
				CLANG_ENABLE_OBJC_ARC = YES;
				CLANG_ENABLE_OBJC_WEAK = YES;
				CLANG_WARN_BLOCK_CAPTURE_AUTORELEASING = YES;
				CLANG_WARN_BOOL_CONVERSION = YES;
				CLANG_WARN_COMMA = YES;
				CLANG_WARN_CONSTANT_CONVERSION = YES;
				CLANG_WARN_DEPRECATED_OBJC_IMPLEMENTATIONS = YES;
				CLANG_WARN_DIRECT_OBJC_ISA_USAGE = YES_ERROR;
				CLANG_WARN_DOCUMENTATION_COMMENTS = YES;
				CLANG_WARN_EMPTY_BODY = YES;
				CLANG_WARN_ENUM_CONVERSION = YES;
				CLANG_WARN_INFINITE_RECURSION = YES;
				CLANG_WARN_INT_CONVERSION = YES;
				CLANG_WARN_NON_LITERAL_NULL_CONVERSION = YES;
				CLANG_WARN_OBJC_IMPLICIT_RETAIN_SELF = YES;
				CLANG_WARN_OBJC_LITERAL_CONVERSION = YES;
				CLANG_WARN_OBJC_ROOT_CLASS = YES_ERROR;
				CLANG_WARN_QUOTED_INCLUDE_IN_FRAMEWORK_HEADER = YES;
				CLANG_WARN_RANGE_LOOP_ANALYSIS = YES;
				CLANG_WARN_STRICT_PROTOTYPES = YES;
				CLANG_WARN_SUSPICIOUS_MOVE = YES;
				CLANG_WARN_UNGUARDED_AVAILABILITY = YES_AGGRESSIVE;
				CLANG_WARN_UNREACHABLE_CODE = YES;
				CLANG_WARN__DUPLICATE_METHOD_MATCH = YES;
				COPY_PHASE_STRIP = NO;
				DEBUG_INFORMATION_FORMAT = dwarf;
				ENABLE_STRICT_OBJC_MSGSEND = YES;
				ENABLE_TESTABILITY = YES;
				GCC_C_LANGUAGE_STANDARD = gnu11;
				GCC_DYNAMIC_NO_PIC = NO;
				GCC_NO_COMMON_BLOCKS = YES;
				GCC_OPTIMIZATION_LEVEL = 0;
				GCC_PREPROCESSOR_DEFINITIONS = (
					"DEBUG=1",
					"$(inherited)",
				);
				GCC_WARN_64_TO_32_BIT_CONVERSION = YES;
				GCC_WARN_ABOUT_RETURN_TYPE = YES_ERROR;
				GCC_WARN_UNDECLARED_SELECTOR = YES;
				GCC_WARN_UNINITIALIZED_AUTOS = YES_AGGRESSIVE;
				GCC_WARN_UNUSED_FUNCTION = YES;
				GCC_WARN_UNUSED_VARIABLE = YES;
				IPHONEOS_DEPLOYMENT_TARGET = 16.4;
				MTL_ENABLE_DEBUG_INFO = INCLUDE_SOURCE;
				MTL_FAST_MATH = YES;
				ONLY_ACTIVE_ARCH = YES;
				SDKROOT = iphoneos;
				SWIFT_ACTIVE_COMPILATION_CONDITIONS = DEBUG;
				SWIFT_OPTIMIZATION_LEVEL = "-Onone";
			};
			name = Debug;
		};
		3D4A424F2AAB9994005829E3 /* Release */ = {
			isa = XCBuildConfiguration;
			buildSettings = {
				ALWAYS_SEARCH_USER_PATHS = NO;
				CLANG_ANALYZER_NONNULL = YES;
				CLANG_ANALYZER_NUMBER_OBJECT_CONVERSION = YES_AGGRESSIVE;
				CLANG_CXX_LANGUAGE_STANDARD = "gnu++20";
				CLANG_ENABLE_MODULES = YES;
				CLANG_ENABLE_OBJC_ARC = YES;
				CLANG_ENABLE_OBJC_WEAK = YES;
				CLANG_WARN_BLOCK_CAPTURE_AUTORELEASING = YES;
				CLANG_WARN_BOOL_CONVERSION = YES;
				CLANG_WARN_COMMA = YES;
				CLANG_WARN_CONSTANT_CONVERSION = YES;
				CLANG_WARN_DEPRECATED_OBJC_IMPLEMENTATIONS = YES;
				CLANG_WARN_DIRECT_OBJC_ISA_USAGE = YES_ERROR;
				CLANG_WARN_DOCUMENTATION_COMMENTS = YES;
				CLANG_WARN_EMPTY_BODY = YES;
				CLANG_WARN_ENUM_CONVERSION = YES;
				CLANG_WARN_INFINITE_RECURSION = YES;
				CLANG_WARN_INT_CONVERSION = YES;
				CLANG_WARN_NON_LITERAL_NULL_CONVERSION = YES;
				CLANG_WARN_OBJC_IMPLICIT_RETAIN_SELF = YES;
				CLANG_WARN_OBJC_LITERAL_CONVERSION = YES;
				CLANG_WARN_OBJC_ROOT_CLASS = YES_ERROR;
				CLANG_WARN_QUOTED_INCLUDE_IN_FRAMEWORK_HEADER = YES;
				CLANG_WARN_RANGE_LOOP_ANALYSIS = YES;
				CLANG_WARN_STRICT_PROTOTYPES = YES;
				CLANG_WARN_SUSPICIOUS_MOVE = YES;
				CLANG_WARN_UNGUARDED_AVAILABILITY = YES_AGGRESSIVE;
				CLANG_WARN_UNREACHABLE_CODE = YES;
				CLANG_WARN__DUPLICATE_METHOD_MATCH = YES;
				COPY_PHASE_STRIP = NO;
				DEBUG_INFORMATION_FORMAT = "dwarf-with-dsym";
				ENABLE_NS_ASSERTIONS = NO;
				ENABLE_STRICT_OBJC_MSGSEND = YES;
				GCC_C_LANGUAGE_STANDARD = gnu11;
				GCC_NO_COMMON_BLOCKS = YES;
				GCC_WARN_64_TO_32_BIT_CONVERSION = YES;
				GCC_WARN_ABOUT_RETURN_TYPE = YES_ERROR;
				GCC_WARN_UNDECLARED_SELECTOR = YES;
				GCC_WARN_UNINITIALIZED_AUTOS = YES_AGGRESSIVE;
				GCC_WARN_UNUSED_FUNCTION = YES;
				GCC_WARN_UNUSED_VARIABLE = YES;
				IPHONEOS_DEPLOYMENT_TARGET = 16.4;
				MTL_ENABLE_DEBUG_INFO = NO;
				MTL_FAST_MATH = YES;
				SDKROOT = iphoneos;
				SWIFT_COMPILATION_MODE = wholemodule;
				SWIFT_OPTIMIZATION_LEVEL = "-O";
				VALIDATE_PRODUCT = YES;
			};
			name = Release;
		};
		3D4A42512AAB9994005829E3 /* Debug */ = {
			isa = XCBuildConfiguration;
			buildSettings = {
				ASSETCATALOG_COMPILER_APPICON_NAME = AppIcon;
				ASSETCATALOG_COMPILER_GLOBAL_ACCENT_COLOR_NAME = AccentColor;
				CODE_SIGN_STYLE = Automatic;
				CURRENT_PROJECT_VERSION = 1;
				GENERATE_INFOPLIST_FILE = YES;
				INFOPLIST_FILE = IstanbulTravel/Info.plist;
				INFOPLIST_KEY_UIApplicationSupportsIndirectInputEvents = YES;
				INFOPLIST_KEY_UILaunchStoryboardName = LaunchScreen;
				INFOPLIST_KEY_UIMainStoryboardFile = Main;
				INFOPLIST_KEY_UISupportedInterfaceOrientations_iPad = "UIInterfaceOrientationPortrait UIInterfaceOrientationPortraitUpsideDown UIInterfaceOrientationLandscapeLeft UIInterfaceOrientationLandscapeRight";
				INFOPLIST_KEY_UISupportedInterfaceOrientations_iPhone = "UIInterfaceOrientationPortrait UIInterfaceOrientationLandscapeLeft UIInterfaceOrientationLandscapeRight";
				LD_RUNPATH_SEARCH_PATHS = (
					"$(inherited)",
					"@executable_path/Frameworks",
				);
				MARKETING_VERSION = 1.0;
				PRODUCT_BUNDLE_IDENTIFIER = com.fatihoguz.IstanbulTravel;
				PRODUCT_NAME = "$(TARGET_NAME)";
				SWIFT_EMIT_LOC_STRINGS = YES;
				SWIFT_VERSION = 5.0;
				TARGETED_DEVICE_FAMILY = "1,2";
			};
			name = Debug;
		};
		3D4A42522AAB9994005829E3 /* Release */ = {
			isa = XCBuildConfiguration;
			buildSettings = {
				ASSETCATALOG_COMPILER_APPICON_NAME = AppIcon;
				ASSETCATALOG_COMPILER_GLOBAL_ACCENT_COLOR_NAME = AccentColor;
				CODE_SIGN_STYLE = Automatic;
				CURRENT_PROJECT_VERSION = 1;
				GENERATE_INFOPLIST_FILE = YES;
				INFOPLIST_FILE = IstanbulTravel/Info.plist;
				INFOPLIST_KEY_UIApplicationSupportsIndirectInputEvents = YES;
				INFOPLIST_KEY_UILaunchStoryboardName = LaunchScreen;
				INFOPLIST_KEY_UIMainStoryboardFile = Main;
				INFOPLIST_KEY_UISupportedInterfaceOrientations_iPad = "UIInterfaceOrientationPortrait UIInterfaceOrientationPortraitUpsideDown UIInterfaceOrientationLandscapeLeft UIInterfaceOrientationLandscapeRight";
				INFOPLIST_KEY_UISupportedInterfaceOrientations_iPhone = "UIInterfaceOrientationPortrait UIInterfaceOrientationLandscapeLeft UIInterfaceOrientationLandscapeRight";
				LD_RUNPATH_SEARCH_PATHS = (
					"$(inherited)",
					"@executable_path/Frameworks",
				);
				MARKETING_VERSION = 1.0;
				PRODUCT_BUNDLE_IDENTIFIER = com.fatihoguz.IstanbulTravel;
				PRODUCT_NAME = "$(TARGET_NAME)";
				SWIFT_EMIT_LOC_STRINGS = YES;
				SWIFT_VERSION = 5.0;
				TARGETED_DEVICE_FAMILY = "1,2";
			};
			name = Release;
		};
/* End XCBuildConfiguration section */

/* Begin XCConfigurationList section */
		3D4A42372AAB9990005829E3 /* Build configuration list for PBXProject "IstanbulTravel" */ = {
			isa = XCConfigurationList;
			buildConfigurations = (
				3D4A424E2AAB9994005829E3 /* Debug */,
				3D4A424F2AAB9994005829E3 /* Release */,
			);
			defaultConfigurationIsVisible = 0;
			defaultConfigurationName = Release;
		};
		3D4A42502AAB9994005829E3 /* Build configuration list for PBXNativeTarget "IstanbulTravel" */ = {
			isa = XCConfigurationList;
			buildConfigurations = (
				3D4A42512AAB9994005829E3 /* Debug */,
				3D4A42522AAB9994005829E3 /* Release */,
			);
			defaultConfigurationIsVisible = 0;
			defaultConfigurationName = Release;
		};
/* End XCConfigurationList section */
	};
	rootObject = 3D4A42342AAB9990005829E3 /* Project object */;
}
